
Microsoft Visual Studio Solution File, Format Version 12.00
# Visual Studio 15
VisualStudioVersion = 15.0.27428.1
MinimumVisualStudioVersion = 10.0.40219.1
Project("{FAE04EC0-301F-11D3-BF4B-00C04F79EFBC}") = "GameDataBase", "GameDataBase\GameDataBase.csproj", "{48A0C161-16A2-49BE-851E-9F6631D2ECB4}"
EndProject
Global
	GlobalSection(SolutionConfigurationPlatforms) = preSolution
		Debug|Any CPU = Debug|Any CPU
		Release|Any CPU = Release|Any CPU
	EndGlobalSection
	GlobalSection(ProjectConfigurationPlatforms) = postSolution
		{48A0C161-16A2-49BE-851E-9F6631D2ECB4}.Debug|Any CPU.ActiveCfg = Debug|Any CPU
		{48A0C161-16A2-49BE-851E-9F6631D2ECB4}.Debug|Any CPU.Build.0 = Debug|Any CPU
		{48A0C161-16A2-49BE-851E-9F6631D2ECB4}.Release|Any CPU.ActiveCfg = Release|Any CPU
		{48A0C161-16A2-49BE-851E-9F6631D2ECB4}.Release|Any CPU.Build.0 = Release|Any CPU
	EndGlobalSection
	GlobalSection(SolutionProperties) = preSolution
		HideSolutionNode = FALSE
	EndGlobalSection
	GlobalSection(ExtensibilityGlobals) = postSolution
		SolutionGuid = {362EFF4A-C983-4206-80B4-AF698D5D00A4}
	EndGlobalSection
EndGlobal
